
Microsoft Visual Studio Solution File, Format Version 12.00
# Visual Studio Version 17
VisualStudioVersion = 17.1.32421.90
MinimumVisualStudioVersion = 10.0.40219.1
Project("{FAE04EC0-301F-11D3-BF4B-00C04F79EFBC}") = "soqu", "soqu\soqu.csproj", "{A5CC11D9-302F-4096-BE8D-D02A38E4CC6A}"
EndProject
Global
	GlobalSection(SolutionConfigurationPlatforms) = preSolution
		Debug|Any CPU = Debug|Any CPU
		Release|Any CPU = Release|Any CPU
	EndGlobalSection
	GlobalSection(ProjectConfigurationPlatforms) = postSolution
		{A5CC11D9-302F-4096-BE8D-D02A38E4CC6A}.Debug|Any CPU.ActiveCfg = Debug|Any CPU
		{A5CC11D9-302F-4096-BE8D-D02A38E4CC6A}.Debug|Any CPU.Build.0 = Debug|Any CPU
		{A5CC11D9-302F-4096-BE8D-D02A38E4CC6A}.Release|Any CPU.ActiveCfg = Release|Any CPU
		{A5CC11D9-302F-4096-BE8D-D02A38E4CC6A}.Release|Any CPU.Build.0 = Release|Any CPU
	EndGlobalSection
	GlobalSection(SolutionProperties) = preSolution
		HideSolutionNode = FALSE
	EndGlobalSection
	GlobalSection(ExtensibilityGlobals) = postSolution
		SolutionGuid = {27BB8D98-1514-4792-BD6F-3498EA4E9A7E}
	EndGlobalSection
EndGlobal
